
Microsoft Visual Studio Solution File, Format Version 12.00
# Visual Studio Version 17
VisualStudioVersion = 17.4.33213.308
MinimumVisualStudioVersion = 10.0.40219.1
Project("{9A19103F-16F7-4668-BE54-9A1E7A4F7556}") = "InfoController", "InfoController\InfoController.csproj", "{811E3F19-336D-411B-AC01-C5F22E68346F}"
EndProject
Project("{9A19103F-16F7-4668-BE54-9A1E7A4F7556}") = "InfoControllerDemo", "InfoControllerDemo\InfoControllerDemo.csproj", "{8AC0B323-63A6-4253-BBF7-BB1BE7B9C6C1}"
EndProject
Project("{9A19103F-16F7-4668-BE54-9A1E7A4F7556}") = "Logging", "Logging\Logging.csproj", "{36C11F62-EFC6-4F4D-9038-B2E90800754F}"
EndProject
Project("{FAE04EC0-301F-11D3-BF4B-00C04F79EFBC}") = "LoggerStressTestDemo", "LoggerStressTestDemo\LoggerStressTestDemo.csproj", "{04BDF843-1C40-4979-BD59-B44F7966F441}"
EndProject
Project("{FAE04EC0-301F-11D3-BF4B-00C04F79EFBC}") = "ExceptionPresenter", "ExceptionPresenter\ExceptionPresenter.csproj", "{6BC220F5-9E8A-4F81-9220-407AB63A4E0E}"
EndProject
Global
	GlobalSection(SolutionConfigurationPlatforms) = preSolution
		Debug|Any CPU = Debug|Any CPU
		Release|Any CPU = Release|Any CPU
	EndGlobalSection
	GlobalSection(ProjectConfigurationPlatforms) = postSolution
		{811E3F19-336D-411B-AC01-C5F22E68346F}.Debug|Any CPU.ActiveCfg = Debug|Any CPU
		{811E3F19-336D-411B-AC01-C5F22E68346F}.Debug|Any CPU.Build.0 = Debug|Any CPU
		{811E3F19-336D-411B-AC01-C5F22E68346F}.Release|Any CPU.ActiveCfg = Release|Any CPU
		{811E3F19-336D-411B-AC01-C5F22E68346F}.Release|Any CPU.Build.0 = Release|Any CPU
		{8AC0B323-63A6-4253-BBF7-BB1BE7B9C6C1}.Debug|Any CPU.ActiveCfg = Debug|Any CPU
		{8AC0B323-63A6-4253-BBF7-BB1BE7B9C6C1}.Debug|Any CPU.Build.0 = Debug|Any CPU
		{8AC0B323-63A6-4253-BBF7-BB1BE7B9C6C1}.Release|Any CPU.ActiveCfg = Release|Any CPU
		{8AC0B323-63A6-4253-BBF7-BB1BE7B9C6C1}.Release|Any CPU.Build.0 = Release|Any CPU
		{36C11F62-EFC6-4F4D-9038-B2E90800754F}.Debug|Any CPU.ActiveCfg = Debug|Any CPU
		{36C11F62-EFC6-4F4D-9038-B2E90800754F}.Debug|Any CPU.Build.0 = Debug|Any CPU
		{36C11F62-EFC6-4F4D-9038-B2E90800754F}.Release|Any CPU.ActiveCfg = Release|Any CPU
		{36C11F62-EFC6-4F4D-9038-B2E90800754F}.Release|Any CPU.Build.0 = Release|Any CPU
		{04BDF843-1C40-4979-BD59-B44F7966F441}.Debug|Any CPU.ActiveCfg = Debug|Any CPU
		{04BDF843-1C40-4979-BD59-B44F7966F441}.Debug|Any CPU.Build.0 = Debug|Any CPU
		{04BDF843-1C40-4979-BD59-B44F7966F441}.Release|Any CPU.ActiveCfg = Release|Any CPU
		{04BDF843-1C40-4979-BD59-B44F7966F441}.Release|Any CPU.Build.0 = Release|Any CPU
		{6BC220F5-9E8A-4F81-9220-407AB63A4E0E}.Debug|Any CPU.ActiveCfg = Debug|Any CPU
		{6BC220F5-9E8A-4F81-9220-407AB63A4E0E}.Debug|Any CPU.Build.0 = Debug|Any CPU
		{6BC220F5-9E8A-4F81-9220-407AB63A4E0E}.Release|Any CPU.ActiveCfg = Release|Any CPU
		{6BC220F5-9E8A-4F81-9220-407AB63A4E0E}.Release|Any CPU.Build.0 = Release|Any CPU
	EndGlobalSection
	GlobalSection(SolutionProperties) = preSolution
		HideSolutionNode = FALSE
	EndGlobalSection
	GlobalSection(ExtensibilityGlobals) = postSolution
		SolutionGuid = {70AE6E98-95C6-4B6E-B76D-A03E651004C0}
	EndGlobalSection
EndGlobal
